
Microsoft Visual Studio Solution File, Format Version 12.00
# Visual Studio Version 16
VisualStudioVersion = 16.0.29613.14
MinimumVisualStudioVersion = 10.0.40219.1
Project("{FAE04EC0-301F-11D3-BF4B-00C04F79EFBC}") = "MovieRegistration", "MovieRegistration\MovieRegistration.csproj", "{21021323-DCB4-4425-8178-EC3FF5ED296B}"
EndProject
Global
	GlobalSection(SolutionConfigurationPlatforms) = preSolution
		Debug|Any CPU = Debug|Any CPU
		Release|Any CPU = Release|Any CPU
	EndGlobalSection
	GlobalSection(ProjectConfigurationPlatforms) = postSolution
		{21021323-DCB4-4425-8178-EC3FF5ED296B}.Debug|Any CPU.ActiveCfg = Debug|Any CPU
		{21021323-DCB4-4425-8178-EC3FF5ED296B}.Debug|Any CPU.Build.0 = Debug|Any CPU
		{21021323-DCB4-4425-8178-EC3FF5ED296B}.Release|Any CPU.ActiveCfg = Release|Any CPU
		{21021323-DCB4-4425-8178-EC3FF5ED296B}.Release|Any CPU.Build.0 = Release|Any CPU
	EndGlobalSection
	GlobalSection(SolutionProperties) = preSolution
		HideSolutionNode = FALSE
	EndGlobalSection
	GlobalSection(ExtensibilityGlobals) = postSolution
		SolutionGuid = {F4CB7F58-F624-4630-B1AD-D117D9382234}
	EndGlobalSection
EndGlobal
